PODS:
  - Alamofire (5.0.5)
  - BetterSegmentedControl (2.0.1)
  - FormTextField (3.1.0)
  - GrowingTextView (0.7.2)
  - IQKeyboardManagerSwift (6.5.6)
  - lottie-ios (3.2.3)
  - SDWebImage (5.12.1):
    - SDWebImage/Core (= 5.12.1)
  - SDWebImage/Core (5.12.1)
  - SkeletonView (1.25.2)
  - SkyFloatingLabelTextField (4.0.0)
  - SwiftyJSON (5.0.1)
  - UIView-Shimmer (1.0.4)

DEPENDENCIES:
  - Alamofire
  - Alamofire (~> 5.0.0)
  - BetterSegmentedControl
  - FormTextField
  - GrowingTextView (= 0.7.2)
  - IQKeyboardManagerSwift
  - lottie-ios
  - SDWebImage
  - SkeletonView
  - SkyFloatingLabelTextField
  - SwiftyJSON
  - UIView-Shimmer (~> 1.0)

SPEC REPOS:
  trunk:
    - Alamofire
    - BetterSegmentedControl
    - FormTextField
    - GrowingTextView
    - IQKeyboardManagerSwift
    - lottie-ios
    - SDWebImage
    - SkeletonView
    - SkyFloatingLabelTextField
    - SwiftyJSON
    - UIView-Shimmer

SPEC CHECKSUMS:
  Alamofire: df2f8f826963b08b9a870791ad48e07a10090b2e
  BetterSegmentedControl: 09607b27861d49cbce48b7673b74f9150a3d371a
  FormTextField: 229e496b8dae002c5062ea5e961e2140528782e2
  GrowingTextView: 876bf42005b5e4a4fd740597db12caaf41f0fe6c
  IQKeyboardManagerSwift: c7df9d2deb356c04522f5c4b7b6e4ce4d8ed94fe
  lottie-ios: c058aeafa76daa4cf64d773554bccc8385d0150e
  SDWebImage: 4dc3e42d9ec0c1028b960a33ac6b637bb432207b
  SkeletonView: 820b2bbd180d7408f3f03b6462cfc3cac39d2ef2
  SkyFloatingLabelTextField: 79ddc40e4ad59707fedbb48d605417aee48bb78a
  SwiftyJSON: 2f33a42c6fbc52764d96f13368585094bfd8aa5e
  UIView-Shimmer: ff0a32c73d67c7dbdea3d9e530538b10d18aea56

PODFILE CHECKSUM: 87d55503a53fc03b15953a06b2117095fee4d91d

COCOAPODS: 1.11.2
